
Microsoft Visual Studio Solution File, Format Version 12.00
# Visual Studio Version 17
VisualStudioVersion = 17.0.32112.339
MinimumVisualStudioVersion = 10.0.40219.1
Project("{FAE04EC0-301F-11D3-BF4B-00C04F79EFBC}") = "acoplamento-heranca", "acoplamento-heranca\acoplamento-heranca.csproj", "{F9BA8CC5-58F5-49F0-9B47-FDCC0624A8AF}"
EndProject
Project("{FAE04EC0-301F-11D3-BF4B-00C04F79EFBC}") = "acoplamento-composicao", "acoplamento-composicao\acoplamento-composicao.csproj", "{AA0619F7-0E21-4C84-9B3A-F2D4776F59D7}"
EndProject
Global
	GlobalSection(SolutionConfigurationPlatforms) = preSolution
		Debug|Any CPU = Debug|Any CPU
		Release|Any CPU = Release|Any CPU
	EndGlobalSection
	GlobalSection(ProjectConfigurationPlatforms) = postSolution
		{F9BA8CC5-58F5-49F0-9B47-FDCC0624A8AF}.Debug|Any CPU.ActiveCfg = Debug|Any CPU
		{F9BA8CC5-58F5-49F0-9B47-FDCC0624A8AF}.Debug|Any CPU.Build.0 = Debug|Any CPU
		{F9BA8CC5-58F5-49F0-9B47-FDCC0624A8AF}.Release|Any CPU.ActiveCfg = Release|Any CPU
		{F9BA8CC5-58F5-49F0-9B47-FDCC0624A8AF}.Release|Any CPU.Build.0 = Release|Any CPU
		{AA0619F7-0E21-4C84-9B3A-F2D4776F59D7}.Debug|Any CPU.ActiveCfg = Debug|Any CPU
		{AA0619F7-0E21-4C84-9B3A-F2D4776F59D7}.Debug|Any CPU.Build.0 = Debug|Any CPU
		{AA0619F7-0E21-4C84-9B3A-F2D4776F59D7}.Release|Any CPU.ActiveCfg = Release|Any CPU
		{AA0619F7-0E21-4C84-9B3A-F2D4776F59D7}.Release|Any CPU.Build.0 = Release|Any CPU
	EndGlobalSection
	GlobalSection(SolutionProperties) = preSolution
		HideSolutionNode = FALSE
	EndGlobalSection
	GlobalSection(ExtensibilityGlobals) = postSolution
		SolutionGuid = {3506E2CC-8F6A-4CA1-AD93-A7EE1C2B19FE}
	EndGlobalSection
EndGlobal
