
Microsoft Visual Studio Solution File, Format Version 12.00
# Visual Studio Version 17
VisualStudioVersion = 17.0.32014.148
MinimumVisualStudioVersion = 10.0.40219.1
Project("{FAE04EC0-301F-11D3-BF4B-00C04F79EFBC}") = "modelo_rico-encapsulamento", "modelo_rico-encapsulamento\modelo_rico-encapsulamento.csproj", "{59566B54-8E32-48DA-96E6-E6FEC5DD965A}"
EndProject
Global
	GlobalSection(SolutionConfigurationPlatforms) = preSolution
		Debug|Any CPU = Debug|Any CPU
		Release|Any CPU = Release|Any CPU
	EndGlobalSection
	GlobalSection(ProjectConfigurationPlatforms) = postSolution
		{59566B54-8E32-48DA-96E6-E6FEC5DD965A}.Debug|Any CPU.ActiveCfg = Debug|Any CPU
		{59566B54-8E32-48DA-96E6-E6FEC5DD965A}.Debug|Any CPU.Build.0 = Debug|Any CPU
		{59566B54-8E32-48DA-96E6-E6FEC5DD965A}.Release|Any CPU.ActiveCfg = Release|Any CPU
		{59566B54-8E32-48DA-96E6-E6FEC5DD965A}.Release|Any CPU.Build.0 = Release|Any CPU
	EndGlobalSection
	GlobalSection(SolutionProperties) = preSolution
		HideSolutionNode = FALSE
	EndGlobalSection
	GlobalSection(ExtensibilityGlobals) = postSolution
		SolutionGuid = {89E707EF-4CE8-4D03-8901-CE137ED7A2F3}
	EndGlobalSection
EndGlobal
