
Microsoft Visual Studio Solution File, Format Version 12.00
# Visual Studio Version 17
VisualStudioVersion = 17.0.32112.339
MinimumVisualStudioVersion = 10.0.40219.1
Project("{FAE04EC0-301F-11D3-BF4B-00C04F79EFBC}") = "InterfacesDesacoplandoCodigo", "InterfacesDesacoplandoCodigo\InterfacesDesacoplandoCodigo.csproj", "{0506A9DB-6233-4D77-AC6A-2D7F378B69CA}"
EndProject
Global
	GlobalSection(SolutionConfigurationPlatforms) = preSolution
		Debug|Any CPU = Debug|Any CPU
		Release|Any CPU = Release|Any CPU
	EndGlobalSection
	GlobalSection(ProjectConfigurationPlatforms) = postSolution
		{0506A9DB-6233-4D77-AC6A-2D7F378B69CA}.Debug|Any CPU.ActiveCfg = Debug|Any CPU
		{0506A9DB-6233-4D77-AC6A-2D7F378B69CA}.Debug|Any CPU.Build.0 = Debug|Any CPU
		{0506A9DB-6233-4D77-AC6A-2D7F378B69CA}.Release|Any CPU.ActiveCfg = Release|Any CPU
		{0506A9DB-6233-4D77-AC6A-2D7F378B69CA}.Release|Any CPU.Build.0 = Release|Any CPU
	EndGlobalSection
	GlobalSection(SolutionProperties) = preSolution
		HideSolutionNode = FALSE
	EndGlobalSection
	GlobalSection(ExtensibilityGlobals) = postSolution
		SolutionGuid = {DFC21CAC-AEFB-4E67-8E38-EF4F6D4DC80B}
	EndGlobalSection
EndGlobal
